github.com/abhinavxd/youtube-live-chat-downloader/v2 v2.0.1 h1:C2//y1SiHxWb4yxrxvdf+wPqdO3Rne9OOAiz/iRia3M=
github.com/abhinavxd/youtube-live-chat-downloader/v2 v2.0.1/go.mod h1:TrUogg8mrebgMD/JU094CmSXn3yKrt+CZjiDL3YtmMw=
github.com/gempir/go-twitch-irc/v3 v3.0.0 h1:e34R+9BdKy+qrO/wN+FCt+BUtyn38gCnJuKWscIKbl4=
github.com/gempir/go-twitch-irc/v3 v3.0.0/go.mod h1:/W9KZIiyizVecp4PEb7kc4AlIyXKiCmvlXrzlpPUytU=
